// !$*UTF8*$!
{
	archiveVersion = 1;
	classes = {
	};
	objectVersion = 77;
	objects = {

/* Begin PBXContainerItemProxy section */
		026862AE302BC75E000C2833 /* PBXContainerItemProxy */ = {
			isa = PBXContainerItemProxy;
			containerPortal = 0268628F302BC75C000C2833 /* Project object */;
			proxyType = 1;
			remoteGlobalIDString = 02686296302BC75D000C2833;
			remoteInfo = NesineCaseStudyWithVIP;
		};
		026862B8302BC75E000C2833 /* PBXContainerItemProxy */ = {
			isa = PBXContainerItemProxy;
			containerPortal = 0268628F302BC75C000C2833 /* Project object */;
			proxyType = 1;
			remoteGlobalIDString = 02686296302BC75D000C2833;
			remoteInfo = NesineCaseStudyWithVIP;
		};
/* End PBXContainerItemProxy section */

/* Begin PBXFileReference section */
		02686297302BC75D000C2833 /* NesineCaseStudyWithVIP.app */ = {isa = PBXFileReference; explicitFileType = wrapper.application; includeInIndex = 0; path = NesineCaseStudyWithVIP.app; sourceTree = BUILT_PRODUCTS_DIR; };
		026862AD302BC75E000C2833 /* NesineCaseStudyWithVIPTests.xctest */ = {isa = PBXFileReference; explicitFileType = wrapper.cfbundle; includeInIndex = 0; path = NesineCaseStudyWithVIPTests.xctest; sourceTree = BUILT_PRODUCTS_DIR; };
		026862B7302BC75E000C2833 /* NesineCaseStudyWithVIPUITests.xctest */ = {isa = PBXFileReference; explicitFileType = wrapper.cfbundle; includeInIndex = 0; path = NesineCaseStudyWithVIPUITests.xctest; sourceTree = BUILT_PRODUCTS_DIR; };
/* End PBXFileReference section */

/* Begin PBXFileSystemSynchronizedBuildFileExceptionSet section */
		026862BF302BC75E000C2833 /* Exceptions for "NesineCaseStudyWithVIP" folder in "NesineCaseStudyWithVIP" target */ = {
			isa = PBXFileSystemSynchronizedBuildFileExceptionSet;
			membershipExceptions = (
				Info.plist,
			);
			target = 02686296302BC75D000C2833 /* NesineCaseStudyWithVIP */;
		};
/* End PBXFileSystemSynchronizedBuildFileExceptionSet section */

/* Begin PBXFileSystemSynchronizedRootGroup section */
		02686299302BC75D000C2833 /* NesineCaseStudyWithVIP */ = {
			isa = PBXFileSystemSynchronizedRootGroup;
			exceptions = (
				026862BF302BC75E000C2833 /* Exceptions for "NesineCaseStudyWithVIP" folder in "NesineCaseStudyWithVIP" target */,
			);
			path = NesineCaseStudyWithVIP;
			sourceTree = "<group>";
		};
		026862B0302BC75E000C2833 /* NesineCaseStudyWithVIPTests */ = {
			isa = PBXFileSystemSynchronizedRootGroup;
			path = NesineCaseStudyWithVIPTests;
			sourceTree = "<group>";
		};
		026862BA302BC75E000C2833 /* NesineCaseStudyWithVIPUITests */ = {
			isa = PBXFileSystemSynchronizedRootGroup;
			path = NesineCaseStudyWithVIPUITests;
			sourceTree = "<group>";
		};
/* End PBXFileSystemSynchronizedRootGroup section */

/* Begin PBXFrameworksBuildPhase section */
		02686294302BC75D000C2833 /* Frameworks */ = {
			isa = PBXFrameworksBuildPhase;
			buildActionMask = 2147483647;
			files = (
			);
			runOnlyForDeploymentPostprocessing = 0;
		};
		026862AA302BC75E000C2833 /* Frameworks */ = {
			isa = PBXFrameworksBuildPhase;
			buildActionMask = 2147483647;
			files = (
			);
			runOnlyForDeploymentPostprocessing = 0;
		};
		026862B4302BC75E000C2833 /* Frameworks */ = {
			isa = PBXFrameworksBuildPhase;
			buildActionMask = 2147483647;
			files = (
			);
			runOnlyForDeploymentPostprocessing = 0;
		};
/* End PBXFrameworksBuildPhase section */

/* Begin PBXGroup section */
		0268628E302BC75C000C2833 = {
			isa = PBXGroup;
			children = (
				02686299302BC75D000C2833 /* NesineCaseStudyWithVIP */,
				026862B0302BC75E000C2833 /* NesineCaseStudyWithVIPTests */,
				026862BA302BC75E000C2833 /* NesineCaseStudyWithVIPUITests */,
				02686298302BC75D000C2833 /* Products */,
			);
			sourceTree = "<group>";
		};
		02686298302BC75D000C2833 /* Products */ = {
			isa = PBXGroup;
			children = (
				02686297302BC75D000C2833 /* NesineCaseStudyWithVIP.app */,
				026862AD302BC75E000C2833 /* NesineCaseStudyWithVIPTests.xctest */,
				026862B7302BC75E000C2833 /* NesineCaseStudyWithVIPUITests.xctest */,
			);
			name = Products;
			sourceTree = "<group>";
		};
/* End PBXGroup section */

/* Begin PBXNativeTarget section */
		02686296302BC75D000C2833 /* NesineCaseStudyWithVIP */ = {
			isa = PBXNativeTarget;
			buildConfigurationList = 026862C0302BC75E000C2833 /* Build configuration list for PBXNativeTarget "NesineCaseStudyWithVIP" */;
			buildPhases = (
				02686293302BC75D000C2833 /* Sources */,
				02686294302BC75D000C2833 /* Frameworks */,
				02686295302BC75D000C2833 /* Resources */,
			);
			buildRules = (
			);
			dependencies = (
			);
			fileSystemSynchronizedGroups = (
				02686299302BC75D000C2833 /* NesineCaseStudyWithVIP */,
			);
			name = NesineCaseStudyWithVIP;
			packageProductDependencies = (
			);
			productName = NesineCaseStudyWithVIP;
			productReference = 02686297302BC75D000C2833 /* NesineCaseStudyWithVIP.app */;
			productType = "com.apple.product-type.application";
		};
		026862AC302BC75E000C2833 /* NesineCaseStudyWithVIPTests */ = {
			isa = PBXNativeTarget;
			buildConfigurationList = 026862C5302BC75E000C2833 /* Build configuration list for PBXNativeTarget "NesineCaseStudyWithVIPTests" */;
			buildPhases = (
				026862A9302BC75E000C2833 /* Sources */,
				026862AA302BC75E000C2833 /* Frameworks */,
				026862AB302BC75E000C2833 /* Resources */,
			);
			buildRules = (
			);
			dependencies = (
				026862AF302BC75E000C2833 /* PBXTargetDependency */,
			);
			fileSystemSynchronizedGroups = (
				026862B0302BC75E000C2833 /* NesineCaseStudyWithVIPTests */,
			);
			name = NesineCaseStudyWithVIPTests;
			packageProductDependencies = (
			);
			productName = NesineCaseStudyWithVIPTests;
			productReference = 026862AD302BC75E000C2833 /* NesineCaseStudyWithVIPTests.xctest */;
			productType = "com.apple.product-type.bundle.unit-test";
		};
		026862B6302BC75E000C2833 /* NesineCaseStudyWithVIPUITests */ = {
			isa = PBXNativeTarget;
			buildConfigurationList = 026862C8302BC75E000C2833 /* Build configuration list for PBXNativeTarget "NesineCaseStudyWithVIPUITests" */;
			buildPhases = (
				026862B3302BC75E000C2833 /* Sources */,
				026862B4302BC75E000C2833 /* Frameworks */,
				026862B5302BC75E000C2833 /* Resources */,
			);
			buildRules = (
			);
			dependencies = (
				026862B9302BC75E000C2833 /* PBXTargetDependency */,
			);
			fileSystemSynchronizedGroups = (
				026862BA302BC75E000C2833 /* NesineCaseStudyWithVIPUITests */,
			);
			name = NesineCaseStudyWithVIPUITests;
			packageProductDependencies = (
			);
			productName = NesineCaseStudyWithVIPUITests;
			productReference = 026862B7302BC75E000C2833 /* NesineCaseStudyWithVIPUITests.xctest */;
			productType = "com.apple.product-type.bundle.ui-testing";
		};
/* End PBXNativeTarget section */

/* Begin PBXProject section */
		0268628F302BC75C000C2833 /* Project object */ = {
			isa = PBXProject;
			attributes = {
				BuildIndependentTargetsInParallel = 1;
				LastSwiftUpdateCheck = 1640;
				LastUpgradeCheck = 1640;
				TargetAttributes = {
					02686296302BC75D000C2833 = {
						CreatedOnToolsVersion = 16.4;
					};
					026862AC302BC75E000C2833 = {
						CreatedOnToolsVersion = 16.4;
						TestTargetID = 02686296302BC75D000C2833;
					};
					026862B6302BC75E000C2833 = {
						CreatedOnToolsVersion = 16.4;
						TestTargetID = 02686296302BC75D000C2833;
					};
				};
			};
			buildConfigurationList = 02686292302BC75C000C2833 /* Build configuration list for PBXProject "NesineCaseStudyWithVIP" */;
			developmentRegion = en;
			hasScannedForEncodings = 0;
			knownRegions = (
				en,
				Base,
			);
			mainGroup = 0268628E302BC75C000C2833;
			minimizedProjectReferenceProxies = 1;
			preferredProjectObjectVersion = 77;
			productRefGroup = 02686298302BC75D000C2833 /* Products */;
			projectDirPath = "";
			projectRoot = "";
			targets = (
				02686296302BC75D000C2833 /* NesineCaseStudyWithVIP */,
				026862AC302BC75E000C2833 /* NesineCaseStudyWithVIPTests */,
				026862B6302BC75E000C2833 /* NesineCaseStudyWithVIPUITests */,
			);
		};
/* End PBXProject section */

/* Begin PBXResourcesBuildPhase section */
		02686295302BC75D000C2833 /* Resources */ = {
			isa = PBXResourcesBuildPhase;
			buildActionMask = 2147483647;
			files = (
			);
			runOnlyForDeploymentPostprocessing = 0;
		};
		026862AB302BC75E000C2833 /* Resources */ = {
			isa = PBXResourcesBuildPhase;
			buildActionMask = 2147483647;
			files = (
			);
			runOnlyForDeploymentPostprocessing = 0;
		};
		026862B5302BC75E000C2833 /* Resources */ = {
			isa = PBXResourcesBuildPhase;
			buildActionMask = 2147483647;
			files = (
			);
			runOnlyForDeploymentPostprocessing = 0;
		};
/* End PBXResourcesBuildPhase section */

/* Begin PBXSourcesBuildPhase section */
		02686293302BC75D000C2833 /* Sources */ = {
			isa = PBXSourcesBuildPhase;
			buildActionMask = 2147483647;
			files = (
			);
			runOnlyForDeploymentPostprocessing = 0;
		};
		026862A9302BC75E000C2833 /* Sources */ = {
			isa = PBXSourcesBuildPhase;
			buildActionMask = 2147483647;
			files = (
			);
			runOnlyForDeploymentPostprocessing = 0;
		};
		026862B3302BC75E000C2833 /* Sources */ = {
			isa = PBXSourcesBuildPhase;
			buildActionMask = 2147483647;
			files = (
			);
			runOnlyForDeploymentPostprocessing = 0;
		};
/* End PBXSourcesBuildPhase section */

/* Begin PBXTargetDependency section */
		026862AF302BC75E000C2833 /* PBXTargetDependency */ = {
			isa = PBXTargetDependency;
			target = 02686296302BC75D000C2833 /* NesineCaseStudyWithVIP */;
			targetProxy = 026862AE302BC75E000C2833 /* PBXContainerItemProxy */;
		};
		026862B9302BC75E000C2833 /* PBXTargetDependency */ = {
			isa = PBXTargetDependency;
			target = 02686296302BC75D000C2833 /* NesineCaseStudyWithVIP */;
			targetProxy = 026862B8302BC75E000C2833 /* PBXContainerItemProxy */;
		};
/* End PBXTargetDependency section */

/* Begin XCBuildConfiguration section */
		026862C1302BC75E000C2833 /* Debug */ = {
			isa = XCBuildConfiguration;
			buildSettings = {
				ASSETCATALOG_COMPILER_APPICON_NAME = AppIcon;
				ASSETCATALOG_COMPILER_GLOBAL_ACCENT_COLOR_NAME = AccentColor;
				CODE_SIGN_STYLE = Automatic;
				CURRENT_PROJECT_VERSION = 1;
				GENERATE_INFOPLIST_FILE = YES;
				INFOPLIST_FILE = NesineCaseStudyWithVIP/Info.plist;
				INFOPLIST_KEY_UIApplicationSupportsIndirectInputEvents = YES;
				INFOPLIST_KEY_UILaunchStoryboardName = LaunchScreen;
				INFOPLIST_KEY_UIMainStoryboardFile = Main;
				INFOPLIST_KEY_UISupportedInterfaceOrientations_iPad = "UIInterfaceOrientationPortrait UIInterfaceOrientationPortraitUpsideDown UIInterfaceOrientationLandscapeLeft UIInterfaceOrientationLandscapeRight";
				INFOPLIST_KEY_UISupportedInterfaceOrientations_iPhone = "UIInterfaceOrientationPortrait UIInterfaceOrientationLandscapeLeft UIInterfaceOrientationLandscapeRight";
				LD_RUNPATH_SEARCH_PATHS = (
					"$(inherited)",
					"@executable_path/Frameworks",
				);
				MARKETING_VERSION = 1.0;
				PRODUCT_BUNDLE_IDENTIFIER = com.elifyalcin.NesineCaseStudyWithVIP;
				PRODUCT_NAME = "$(TARGET_NAME)";
				SWIFT_EMIT_LOC_STRINGS = YES;
				SWIFT_VERSION = 5.0;
				TARGETED_DEVICE_FAMILY = "1,2";
			};
			name = Debug;
		};
		026862C2302BC75E000C2833 /* Release */ = {
			isa = XCBuildConfiguration;
			buildSettings = {
				ASSETCATALOG_COMPILER_APPICON_NAME = AppIcon;
				ASSETCATALOG_COMPILER_GLOBAL_ACCENT_COLOR_NAME = AccentColor;
				CODE_SIGN_STYLE = Automatic;
				CURRENT_PROJECT_VERSION = 1;
				GENERATE_INFOPLIST_FILE = YES;
				INFOPLIST_FILE = NesineCaseStudyWithVIP/Info.plist;
				INFOPLIST_KEY_UIApplicationSupportsIndirectInputEvents = YES;
				INFOPLIST_KEY_UILaunchStoryboardName = LaunchScreen;
				INFOPLIST_KEY_UIMainStoryboardFile = Main;
				INFOPLIST_KEY_UISupportedInterfaceOrientations_iPad = "UIInterfaceOrientationPortrait UIInterfaceOrientationPortraitUpsideDown UIInterfaceOrientationLandscapeLeft UIInterfaceOrientationLandscapeRight";
				INFOPLIST_KEY_UISupportedInterfaceOrientations_iPhone = "UIInterfaceOrientationPortrait UIInterfaceOrientationLandscapeLeft UIInterfaceOrientationLandscapeRight";
				LD_RUNPATH_SEARCH_PATHS = (
					"$(inherited)",
					"@executable_path/Frameworks",
				);
				MARKETING_VERSION = 1.0;
				PRODUCT_BUNDLE_IDENTIFIER = com.elifyalcin.NesineCaseStudyWithVIP;
				PRODUCT_NAME = "$(TARGET_NAME)";
				SWIFT_EMIT_LOC_STRINGS = YES;
				SWIFT_VERSION = 5.0;
				TARGETED_DEVICE_FAMILY = "1,2";
			};
			name = Release;
		};
		026862C3302BC75E000C2833 /* Debug */ = {
			isa = XCBuildConfiguration;
			buildSettings = {
				ALWAYS_SEARCH_USER_PATHS = NO;
				ASSETCATALOG_COMPILER_GENERATE_SWIFT_ASSET_SYMBOL_EXTENSIONS = YES;
				CLANG_ANALYZER_NONNULL = YES;
				CLANG_ANALYZER_NUMBER_OBJECT_CONVERSION = YES_AGGRESSIVE;
				CLANG_CXX_LANGUAGE_STANDARD = "gnu++20";
				CLANG_ENABLE_MODULES = YES;
				CLANG_ENABLE_OBJC_ARC = YES;
				CLANG_ENABLE_OBJC_WEAK = YES;
				CLANG_WARN_BLOCK_CAPTURE_AUTORELEASING = YES;
				CLANG_WARN_BOOL_CONVERSION = YES;
				CLANG_WARN_COMMA = YES;
				CLANG_WARN_CONSTANT_CONVERSION = YES;
				CLANG_WARN_DEPRECATED_OBJC_IMPLEMENTATIONS = YES;
				CLANG_WARN_DIRECT_OBJC_ISA_USAGE = YES_ERROR;
				CLANG_WARN_DOCUMENTATION_COMMENTS = YES;
				CLANG_WARN_EMPTY_BODY = YES;
				CLANG_WARN_ENUM_CONVERSION = YES;
				CLANG_WARN_INFINITE_RECURSION = YES;
				CLANG_WARN_INT_CONVERSION = YES;
				CLANG_WARN_NON_LITERAL_NULL_CONVERSION = YES;
				CLANG_WARN_OBJC_IMPLICIT_RETAIN_SELF = YES;
				CLANG_WARN_OBJC_LITERAL_CONVERSION = YES;
				CLANG_WARN_OBJC_ROOT_CLASS = YES_ERROR;
				CLANG_WARN_QUOTED_INCLUDE_IN_FRAMEWORK_HEADER = YES;
				CLANG_WARN_RANGE_LOOP_ANALYSIS = YES;
				CLANG_WARN_STRICT_PROTOTYPES = YES;
				CLANG_WARN_SUSPICIOUS_MOVE = YES;
				CLANG_WARN_UNGUARDED_AVAILABILITY = YES_AGGRESSIVE;
				CLANG_WARN_UNREACHABLE_CODE = YES;
				CLANG_WARN__DUPLICATE_METHOD_MATCH = YES;
				COPY_PHASE_STRIP = NO;
				DEBUG_INFORMATION_FORMAT = dwarf;
				ENABLE_STRICT_OBJC_MSGSEND = YES;
				ENABLE_TESTABILITY = YES;
				ENABLE_USER_SCRIPT_SANDBOXING = YES;
				GCC_C_LANGUAGE_STANDARD = gnu17;
				GCC_DYNAMIC_NO_PIC = NO;
				GCC_NO_COMMON_BLOCKS = YES;
				GCC_OPTIMIZATION_LEVEL = 0;
				GCC_PREPROCESSOR_DEFINITIONS = (
					"DEBUG=1",
					"$(inherited)",
				);
				GCC_WARN_64_TO_32_BIT_CONVERSION = YES;
				GCC_WARN_ABOUT_RETURN_TYPE = YES_ERROR;
				GCC_WARN_UNDECLARED_SELECTOR = YES;
				GCC_WARN_UNINITIALIZED_AUTOS = YES_AGGRESSIVE;
				GCC_WARN_UNUSED_FUNCTION = YES;
				GCC_WARN_UNUSED_VARIABLE = YES;
				IPHONEOS_DEPLOYMENT_TARGET = 18.5;
				LOCALIZATION_PREFERS_STRING_CATALOGS = YES;
				MTL_ENABLE_DEBUG_INFO = INCLUDE_SOURCE;
				MTL_FAST_MATH = YES;
				ONLY_ACTIVE_ARCH = YES;
				SDKROOT = iphoneos;
				SWIFT_ACTIVE_COMPILATION_CONDITIONS = "DEBUG $(inherited)";
				SWIFT_OPTIMIZATION_LEVEL = "-Onone";
			};
			name = Debug;
		};
		026862C4302BC75E000C2833 /* Release */ = {
			isa = XCBuildConfiguration;
			buildSettings = {
				ALWAYS_SEARCH_USER_PATHS = NO;
				ASSETCATALOG_COMPILER_GENERATE_SWIFT_ASSET_SYMBOL_EXTENSIONS = YES;
				CLANG_ANALYZER_NONNULL = YES;
				CLANG_ANALYZER_NUMBER_OBJECT_CONVERSION = YES_AGGRESSIVE;
				CLANG_CXX_LANGUAGE_STANDARD = "gnu++20";
				CLANG_ENABLE_MODULES = YES;
				CLANG_ENABLE_OBJC_ARC = YES;
				CLANG_ENABLE_OBJC_WEAK = YES;
				CLANG_WARN_BLOCK_CAPTURE_AUTORELEASING = YES;
				CLANG_WARN_BOOL_CONVERSION = YES;
				CLANG_WARN_COMMA = YES;
				CLANG_WARN_CONSTANT_CONVERSION = YES;
				CLANG_WARN_DEPRECATED_OBJC_IMPLEMENTATIONS = YES;
				CLANG_WARN_DIRECT_OBJC_ISA_USAGE = YES_ERROR;
				CLANG_WARN_DOCUMENTATION_COMMENTS = YES;
				CLANG_WARN_EMPTY_BODY = YES;
				CLANG_WARN_ENUM_CONVERSION = YES;
				CLANG_WARN_INFINITE_RECURSION = YES;
				CLANG_WARN_INT_CONVERSION = YES;
				CLANG_WARN_NON_LITERAL_NULL_CONVERSION = YES;
				CLANG_WARN_OBJC_IMPLICIT_RETAIN_SELF = YES;
				CLANG_WARN_OBJC_LITERAL_CONVERSION = YES;
				CLANG_WARN_OBJC_ROOT_CLASS = YES_ERROR;
				CLANG_WARN_QUOTED_INCLUDE_IN_FRAMEWORK_HEADER = YES;
				CLANG_WARN_RANGE_LOOP_ANALYSIS = YES;
				CLANG_WARN_STRICT_PROTOTYPES = YES;
				CLANG_WARN_SUSPICIOUS_MOVE = YES;
				CLANG_WARN_UNGUARDED_AVAILABILITY = YES_AGGRESSIVE;
				CLANG_WARN_UNREACHABLE_CODE = YES;
				CLANG_WARN__DUPLICATE_METHOD_MATCH = YES;
				COPY_PHASE_STRIP = NO;
				DEBUG_INFORMATION_FORMAT = "dwarf-with-dsym";
				ENABLE_NS_ASSERTIONS = NO;
				ENABLE_STRICT_OBJC_MSGSEND = YES;
				ENABLE_USER_SCRIPT_SANDBOXING = YES;
				GCC_C_LANGUAGE_STANDARD = gnu17;
				GCC_NO_COMMON_BLOCKS = YES;
				GCC_WARN_64_TO_32_BIT_CONVERSION = YES;
				GCC_WARN_ABOUT_RETURN_TYPE = YES_ERROR;
				GCC_WARN_UNDECLARED_SELECTOR = YES;
				GCC_WARN_UNINITIALIZED_AUTOS = YES_AGGRESSIVE;
				GCC_WARN_UNUSED_FUNCTION = YES;
				GCC_WARN_UNUSED_VARIABLE = YES;
				IPHONEOS_DEPLOYMENT_TARGET = 18.5;
				LOCALIZATION_PREFERS_STRING_CATALOGS = YES;
				MTL_ENABLE_DEBUG_INFO = NO;
				MTL_FAST_MATH = YES;
				SDKROOT = iphoneos;
				SWIFT_COMPILATION_MODE = wholemodule;
				VALIDATE_PRODUCT = YES;
			};
			name = Release;
		};
		026862C6302BC75E000C2833 /* Debug */ = {
			isa = XCBuildConfiguration;
			buildSettings = {
				BUNDLE_LOADER = "$(TEST_HOST)";
				CODE_SIGN_STYLE = Automatic;
				CURRENT_PROJECT_VERSION = 1;
				GENERATE_INFOPLIST_FILE = YES;
				IPHONEOS_DEPLOYMENT_TARGET = 18.5;
				MARKETING_VERSION = 1.0;
				PRODUCT_BUNDLE_IDENTIFIER = com.elifyalcin.NesineCaseStudyWithVIPTests;
				PRODUCT_NAME = "$(TARGET_NAME)";
				SWIFT_EMIT_LOC_STRINGS = NO;
				SWIFT_VERSION = 5.0;
				TARGETED_DEVICE_FAMILY = "1,2";
				TEST_HOST = "$(BUILT_PRODUCTS_DIR)/NesineCaseStudyWithVIP.app/$(BUNDLE_EXECUTABLE_FOLDER_PATH)/NesineCaseStudyWithVIP";
			};
			name = Debug;
		};
		026862C7302BC75E000C2833 /* Release */ = {
			isa = XCBuildConfiguration;
			buildSettings = {
				BUNDLE_LOADER = "$(TEST_HOST)";
				CODE_SIGN_STYLE = Automatic;
				CURRENT_PROJECT_VERSION = 1;
				GENERATE_INFOPLIST_FILE = YES;
				IPHONEOS_DEPLOYMENT_TARGET = 18.5;
				MARKETING_VERSION = 1.0;
				PRODUCT_BUNDLE_IDENTIFIER = com.elifyalcin.NesineCaseStudyWithVIPTests;
				PRODUCT_NAME = "$(TARGET_NAME)";
				SWIFT_EMIT_LOC_STRINGS = NO;
				SWIFT_VERSION = 5.0;
				TARGETED_DEVICE_FAMILY = "1,2";
				TEST_HOST = "$(BUILT_PRODUCTS_DIR)/NesineCaseStudyWithVIP.app/$(BUNDLE_EXECUTABLE_FOLDER_PATH)/NesineCaseStudyWithVIP";
			};
			name = Release;
		};
		026862C9302BC75E000C2833 /* Debug */ = {
			isa = XCBuildConfiguration;
			buildSettings = {
				CODE_SIGN_STYLE = Automatic;
				CURRENT_PROJECT_VERSION = 1;
				GENERATE_INFOPLIST_FILE = YES;
				MARKETING_VERSION = 1.0;
				PRODUCT_BUNDLE_IDENTIFIER = com.elifyalcin.NesineCaseStudyWithVIPUITests;
				PRODUCT_NAME = "$(TARGET_NAME)";
				SWIFT_EMIT_LOC_STRINGS = NO;
				SWIFT_VERSION = 5.0;
				TARGETED_DEVICE_FAMILY = "1,2";
				TEST_TARGET_NAME = NesineCaseStudyWithVIP;
			};
			name = Debug;
		};
		026862CA302BC75E000C2833 /* Release */ = {
			isa = XCBuildConfiguration;
			buildSettings = {
				CODE_SIGN_STYLE = Automatic;
				CURRENT_PROJECT_VERSION = 1;
				GENERATE_INFOPLIST_FILE = YES;
				MARKETING_VERSION = 1.0;
				PRODUCT_BUNDLE_IDENTIFIER = com.elifyalcin.NesineCaseStudyWithVIPUITests;
				PRODUCT_NAME = "$(TARGET_NAME)";
				SWIFT_EMIT_LOC_STRINGS = NO;
				SWIFT_VERSION = 5.0;
				TARGETED_DEVICE_FAMILY = "1,2";
				TEST_TARGET_NAME = NesineCaseStudyWithVIP;
			};
			name = Release;
		};
/* End XCBuildConfiguration section */

/* Begin XCConfigurationList section */
		02686292302BC75C000C2833 /* Build configuration list for PBXProject "NesineCaseStudyWithVIP" */ = {
			isa = XCConfigurationList;
			buildConfigurations = (
				026862C3302BC75E000C2833 /* Debug */,
				026862C4302BC75E000C2833 /* Release */,
			);
			defaultConfigurationIsVisible = 0;
			defaultConfigurationName = Release;
		};
		026862C0302BC75E000C2833 /* Build configuration list for PBXNativeTarget "NesineCaseStudyWithVIP" */ = {
			isa = XCConfigurationList;
			buildConfigurations = (
				026862C1302BC75E000C2833 /* Debug */,
				026862C2302BC75E000C2833 /* Release */,
			);
			defaultConfigurationIsVisible = 0;
			defaultConfigurationName = Release;
		};
		026862C5302BC75E000C2833 /* Build configuration list for PBXNativeTarget "NesineCaseStudyWithVIPTests" */ = {
			isa = XCConfigurationList;
			buildConfigurations = (
				026862C6302BC75E000C2833 /* Debug */,
				026862C7302BC75E000C2833 /* Release */,
			);
			defaultConfigurationIsVisible = 0;
			defaultConfigurationName = Release;
		};
		026862C8302BC75E000C2833 /* Build configuration list for PBXNativeTarget "NesineCaseStudyWithVIPUITests" */ = {
			isa = XCConfigurationList;
			buildConfigurations = (
				026862C9302BC75E000C2833 /* Debug */,
				026862CA302BC75E000C2833 /* Release */,
			);
			defaultConfigurationIsVisible = 0;
			defaultConfigurationName = Release;
		};
/* End XCConfigurationList section */
	};
	rootObject = 0268628F302BC75C000C2833 /* Project object */;
}
